
Microsoft Visual Studio Solution File, Format Version 12.00
# Visual Studio Version 17
VisualStudioVersion = 17.7.34031.279
MinimumVisualStudioVersion = 10.0.40219.1
Project("{8BC9CEB8-8B4A-11D0-8D11-00A0C91BC942}") = "CrateHeldAtIncline", "CrateHeldAtIncline\CrateHeldAtIncline.vcxproj", "{89EFFA25-8745-4887-9F6C-7F9F040D6F59}"
EndProject
Global
	GlobalSection(SolutionConfigurationPlatforms) = preSolution
		Debug|x64 = Debug|x64
		Debug|x86 = Debug|x86
		Release|x64 = Release|x64
		Release|x86 = Release|x86
	EndGlobalSection
	GlobalSection(ProjectConfigurationPlatforms) = postSolution
		{89EFFA25-8745-4887-9F6C-7F9F040D6F59}.Debug|x64.ActiveCfg = Debug|x64
		{89EFFA25-8745-4887-9F6C-7F9F040D6F59}.Debug|x64.Build.0 = Debug|x64
		{89EFFA25-8745-4887-9F6C-7F9F040D6F59}.Debug|x86.ActiveCfg = Debug|Win32
		{89EFFA25-8745-4887-9F6C-7F9F040D6F59}.Debug|x86.Build.0 = Debug|Win32
		{89EFFA25-8745-4887-9F6C-7F9F040D6F59}.Release|x64.ActiveCfg = Release|x64
		{89EFFA25-8745-4887-9F6C-7F9F040D6F59}.Release|x64.Build.0 = Release|x64
		{89EFFA25-8745-4887-9F6C-7F9F040D6F59}.Release|x86.ActiveCfg = Release|Win32
		{89EFFA25-8745-4887-9F6C-7F9F040D6F59}.Release|x86.Build.0 = Release|Win32
	EndGlobalSection
	GlobalSection(SolutionProperties) = preSolution
		HideSolutionNode = FALSE
	EndGlobalSection
	GlobalSection(ExtensibilityGlobals) = postSolution
		SolutionGuid = {18199D78-D1BC-4FE0-BCB2-8203B515AC3F}
	EndGlobalSection
EndGlobal
